
Microsoft Visual Studio Solution File, Format Version 12.00
# Visual Studio Version 17
VisualStudioVersion = 17.8.34309.116
MinimumVisualStudioVersion = 10.0.40219.1
Project("{FAE04EC0-301F-11D3-BF4B-00C04F79EFBC}") = "BackgroundService1", "BackgroundService\BackgroundService1.csproj", "{AD19E425-F8AC-4086-9349-0345FC11F97E}"
EndProject
Global
	GlobalSection(SolutionConfigurationPlatforms) = preSolution
		Debug|Any CPU = Debug|Any CPU
		Release|Any CPU = Release|Any CPU
	EndGlobalSection
	GlobalSection(ProjectConfigurationPlatforms) = postSolution
		{AD19E425-F8AC-4086-9349-0345FC11F97E}.Debug|Any CPU.ActiveCfg = Debug|Any CPU
		{AD19E425-F8AC-4086-9349-0345FC11F97E}.Debug|Any CPU.Build.0 = Debug|Any CPU
		{AD19E425-F8AC-4086-9349-0345FC11F97E}.Release|Any CPU.ActiveCfg = Release|Any CPU
		{AD19E425-F8AC-4086-9349-0345FC11F97E}.Release|Any CPU.Build.0 = Release|Any CPU
	EndGlobalSection
	GlobalSection(SolutionProperties) = preSolution
		HideSolutionNode = FALSE
	EndGlobalSection
	GlobalSection(ExtensibilityGlobals) = postSolution
		SolutionGuid = {C8E39C0D-1DA4-476A-8EB5-F9F870056723}
	EndGlobalSection
EndGlobal
